# THIS IS AN AUTOGENERATED FILE. DO NOT EDIT THIS FILE DIRECTLY.
# yarn lockfile v1


"@actions/github@4.0.0":
  version "4.0.0"
  resolved "https://registry.yarnpkg.com/@actions/github/-/github-4.0.0.tgz#d520483151a2bf5d2dc9cd0f20f9ac3a2e458816"
  integrity sha512-Ej/Y2E+VV6sR9X7pWL5F3VgEWrABaT292DRqRU6R4hnQjPtC/zD3nagxVdXWiRQvYDh8kHXo7IDmG42eJ/dOMA==
  dependencies:
    "@actions/http-client" "^1.0.8"
    "@octokit/core" "^3.0.0"
    "@octokit/plugin-paginate-rest" "^2.2.3"
    "@octokit/plugin-rest-endpoint-methods" "^4.0.0"

"@actions/http-client@^1.0.8":
  version "1.0.9"
  resolved "https://registry.yarnpkg.com/@actions/http-client/-/http-client-1.0.9.tgz#af1947d020043dbc6a3b4c5918892095c30ffb52"
  integrity sha512-0O4SsJ7q+MK0ycvXPl2e6bMXV7dxAXOGjrXS1eTF9s2S401Tp6c/P3c3Joz04QefC1J6Gt942Wl2jbm3f4mLcg==
  dependencies:
    tunnel "0.0.6"

"@octokit/auth-token@^2.4.4":
  version "2.4.4"
  resolved "https://registry.yarnpkg.com/@octokit/auth-token/-/auth-token-2.4.4.tgz#ee31c69b01d0378c12fd3ffe406030f3d94d3b56"
  integrity sha512-LNfGu3Ro9uFAYh10MUZVaT7X2CnNm2C8IDQmabx+3DygYIQjs9FwzFAHN/0t6mu5HEPhxcb1XOuxdpY82vCg2Q==
  dependencies:
    "@octokit/types" "^6.0.0"

"@octokit/core@^3.0.0":
  version "3.2.4"
  resolved "https://registry.yarnpkg.com/@octokit/core/-/core-3.2.4.tgz#5791256057a962eca972e31818f02454897fd106"
  integrity sha512-d9dTsqdePBqOn7aGkyRFe7pQpCXdibSJ5SFnrTr0axevObZrpz3qkWm7t/NjYv5a66z6vhfteriaq4FRz3e0Qg==
  dependencies:
    "@octokit/auth-token" "^2.4.4"
    "@octokit/graphql" "^4.5.8"
    "@octokit/request" "^5.4.12"
    "@octokit/types" "^6.0.3"
    before-after-hook "^2.1.0"
    universal-user-agent "^6.0.0"

"@octokit/endpoint@^6.0.1":
  version "6.0.10"
  resolved "https://registry.yarnpkg.com/@octokit/endpoint/-/endpoint-6.0.10.tgz#741ce1fa2f4fb77ce8ebe0c6eaf5ce63f565f8e8"
  integrity sha512-9+Xef8nT7OKZglfkOMm7IL6VwxXUQyR7DUSU0LH/F7VNqs8vyd7es5pTfz9E7DwUIx7R3pGscxu1EBhYljyu7Q==
  dependencies:
    "@octokit/types" "^6.0.0"
    is-plain-object "^5.0.0"
    universal-user-agent "^6.0.0"

"@octokit/graphql@^4.5.8":
  version "4.5.8"
  resolved "https://registry.yarnpkg.com/@octokit/graphql/-/graphql-4.5.8.tgz#d42373633c3015d0eafce64a8ce196be167fdd9b"
  integrity sha512-WnCtNXWOrupfPJgXe+vSmprZJUr0VIu14G58PMlkWGj3cH+KLZEfKMmbUQ6C3Wwx6fdhzVW1CD5RTnBdUHxhhA==
  dependencies:
    "@octokit/request" "^5.3.0"
    "@octokit/types" "^6.0.0"
    universal-user-agent "^6.0.0"

"@octokit/openapi-types@^2.0.1":
  version "2.0.1"
  resolved "https://registry.yarnpkg.com/@octokit/openapi-types/-/openapi-types-2.0.1.tgz#7453d8281ce66b8ed1607f7ac7d751c3baffd2cc"
  integrity sha512-9AuC04PUnZrjoLiw3uPtwGh9FE4Q3rTqs51oNlQ0rkwgE8ftYsOC+lsrQyvCvWm85smBbSc0FNRKKumvGyb44Q==

"@octokit/plugin-paginate-rest@^2.2.3":
  version "2.6.2"
  resolved "https://registry.yarnpkg.com/@octokit/plugin-paginate-rest/-/plugin-paginate-rest-2.6.2.tgz#45d13dbf5ff8aed54f1a3716b1d57fdc62720c5f"
  integrity sha512-3Dy7/YZAwdOaRpGQoNHPeT0VU1fYLpIUdPyvR37IyFLgd6XSij4j9V/xN/+eSjF2KKvmfIulEh9LF1tRPjIiDA==
  dependencies:
    "@octokit/types" "^6.0.1"

"@octokit/plugin-rest-endpoint-methods@^4.0.0":
  version "4.4.1"
  resolved "https://registry.yarnpkg.com/@octokit/plugin-rest-endpoint-methods/-/plugin-rest-endpoint-methods-4.4.1.tgz#105cf93255432155de078c9efc33bd4e14d1cd63"
  integrity sha512-+v5PcvrUcDeFXf8hv1gnNvNLdm4C0+2EiuWt9EatjjUmfriM1pTMM+r4j1lLHxeBQ9bVDmbywb11e3KjuavieA==
  dependencies:
    "@octokit/types" "^6.1.0"
    deprecation "^2.3.1"

"@octokit/request-error@^2.0.0":
  version "2.0.4"
  resolved "https://registry.yarnpkg.com/@octokit/request-error/-/request-error-2.0.4.tgz#07dd5c0521d2ee975201274c472a127917741262"
  integrity sha512-LjkSiTbsxIErBiRh5wSZvpZqT4t0/c9+4dOe0PII+6jXR+oj/h66s7E4a/MghV7iT8W9ffoQ5Skoxzs96+gBPA==
  dependencies:
    "@octokit/types" "^6.0.0"
    deprecation "^2.0.0"
    once "^1.4.0"

"@octokit/request@^5.3.0", "@octokit/request@^5.4.12":
  version "5.4.12"
  resolved "https://registry.yarnpkg.com/@octokit/request/-/request-5.4.12.tgz#b04826fa934670c56b135a81447be2c1723a2ffc"
  integrity sha512-MvWYdxengUWTGFpfpefBBpVmmEYfkwMoxonIB3sUGp5rhdgwjXL1ejo6JbgzG/QD9B/NYt/9cJX1pxXeSIUCkg==
  dependencies:
    "@octokit/endpoint" "^6.0.1"
    "@octokit/request-error" "^2.0.0"
    "@octokit/types" "^6.0.3"
    deprecation "^2.0.0"
    is-plain-object "^5.0.0"
    node-fetch "^2.6.1"
    once "^1.4.0"
    universal-user-agent "^6.0.0"

"@octokit/types@^6.0.0", "@octokit/types@^6.0.1", "@octokit/types@^6.0.3", "@octokit/types@^6.1.0":
  version "6.1.2"
  resolved "https://registry.yarnpkg.com/@octokit/types/-/types-6.1.2.tgz#2b3a6ae0b8b71c27c770b4ff3e9ad8f1f538af58"
  integrity sha512-LPCpcLbcky7fWfHCTuc7tMiSHFpFlrThJqVdaHgowBTMS0ijlZFfonQC/C1PrZOjD4xRCYgBqH9yttEATGE/nw==
  dependencies:
    "@octokit/openapi-types" "^2.0.1"
    "@types/node" ">= 8"

"@types/node@>= 8":
  version "14.14.19"
  resolved "https://registry.yarnpkg.com/@types/node/-/node-14.14.19.tgz#5135176a8330b88ece4e9ab1fdcfc0a545b4bab4"
  integrity sha512-4nhBPStMK04rruRVtVc6cDqhu7S9GZai0fpXgPXrFpcPX6Xul8xnrjSdGB4KPBVYG/R5+fXWdCM8qBoiULWGPQ==

ansi-align@^3.0.0:
  version "3.0.0"
  resolved "https://registry.yarnpkg.com/ansi-align/-/ansi-align-3.0.0.tgz#b536b371cf687caaef236c18d3e21fe3797467cb"
  integrity sha512-ZpClVKqXN3RGBmKibdfWzqCY4lnjEuoNzU5T0oEFpfd/z5qJHVarukridD4juLO2FXMiwUQxr9WqQtaYa8XRYw==
  dependencies:
    string-width "^3.0.0"

ansi-regex@^4.1.0:
  version "4.1.0"
  resolved "https://registry.yarnpkg.com/ansi-regex/-/ansi-regex-4.1.0.tgz#8b9f8f08cf1acb843756a839ca8c7e3168c51997"
  integrity sha512-1apePfXM1UOSqw0o9IiFAovVz9M5S1Dg+4TrDwfMewQ6p/rmMueb7tWZjQ1rx4Loy1ArBggoqGpfqqdI4rondg==

ansi-regex@^5.0.0:
  version "5.0.0"
  resolved "https://registry.yarnpkg.com/ansi-regex/-/ansi-regex-5.0.0.tgz#388539f55179bf39339c81af30a654d69f87cb75"
  integrity sha512-bY6fj56OUQ0hU1KjFNDQuJFezqKdrAyFdIevADiqrWHwSlbmBNMHp5ak2f40Pm8JTFyM2mqxkG6ngkHO11f/lg==

ansi-styles@^4.0.0, ansi-styles@^4.1.0:
  version "4.3.0"
  resolved "https://registry.yarnpkg.com/ansi-styles/-/ansi-styles-4.3.0.tgz#edd803628ae71c04c85ae7a0906edad34b648937"
  integrity sha512-zbB9rCJAT1rbjiVDb2hqKFHNYLxgtk8NURxZ3IZwD3F6NtxbXZQCnnSi1Lkx+IDohdPlFp222wVALIheZJQSEg==
  dependencies:
    color-convert "^2.0.1"

before-after-hook@^2.1.0:
  version "2.1.0"
  resolved "https://registry.yarnpkg.com/before-after-hook/-/before-after-hook-2.1.0.tgz#b6c03487f44e24200dd30ca5e6a1979c5d2fb635"
  integrity sha512-IWIbu7pMqyw3EAJHzzHbWa85b6oud/yfKYg5rqB5hNE8CeMi3nX+2C2sj0HswfblST86hpVEOAb9x34NZd6P7A==

boxen@5.0.0:
  version "5.0.0"
  resolved "https://registry.yarnpkg.com/boxen/-/boxen-5.0.0.tgz#64fe9b16066af815f51057adcc800c3730120854"
  integrity sha512-5bvsqw+hhgUi3oYGK0Vf4WpIkyemp60WBInn7+WNfoISzAqk/HX4L7WNROq38E6UR/y3YADpv6pEm4BfkeEAdA==
  dependencies:
    ansi-align "^3.0.0"
    camelcase "^6.2.0"
    chalk "^4.1.0"
    cli-boxes "^2.2.1"
    string-width "^4.2.0"
    type-fest "^0.20.2"
    widest-line "^3.1.0"
    wrap-ansi "^7.0.0"

camelcase@^6.2.0:
  version "6.2.0"
  resolved "https://registry.yarnpkg.com/camelcase/-/camelcase-6.2.0.tgz#924af881c9d525ac9d87f40d964e5cea982a1809"
  integrity sha512-c7wVvbw3f37nuobQNtgsgG9POC9qMbNuMQmTCqZv23b6MIz0fcYpBiOlv9gEN/hdLdnZTDQhg6e9Dq5M1vKvfg==

chalk@^4.1.0:
  version "4.1.0"
  resolved "https://registry.yarnpkg.com/chalk/-/chalk-4.1.0.tgz#4e14870a618d9e2edd97dd8345fd9d9dc315646a"
  integrity sha512-qwx12AxXe2Q5xQ43Ac//I6v5aXTipYrSESdOgzrN+9XjgEpyjpKuvSGaN4qE93f7TQTlerQQ8S+EQ0EyDoVL1A==
  dependencies:
    ansi-styles "^4.1.0"
    supports-color "^7.1.0"

cli-boxes@^2.2.1:
  version "2.2.1"
  resolved "https://registry.yarnpkg.com/cli-boxes/-/cli-boxes-2.2.1.tgz#ddd5035d25094fce220e9cab40a45840a440318f"
  integrity sha512-y4coMcylgSCdVinjiDBuR8PCC2bLjyGTwEmPb9NHR/QaNU6EUOXcTY/s6VjGMD6ENSEaeQYHCY0GNGS5jfMwPw==

color-convert@^2.0.1:
  version "2.0.1"
  resolved "https://registry.yarnpkg.com/color-convert/-/color-convert-2.0.1.tgz#72d3a68d598c9bdb3af2ad1e84f21d896abd4de3"
  integrity sha512-RRECPsj7iu/xb5oKYcsFHSppFNnsj/52OVTRKb4zP5onXwVF3zVmmToNcOfGC+CRDpfK/U584fMg38ZHCaElKQ==
  dependencies:
    color-name "~1.1.4"

color-name@~1.1.4:
  version "1.1.4"
  resolved "https://registry.yarnpkg.com/color-name/-/color-name-1.1.4.tgz#c2a09a87acbde69543de6f63fa3995c826c536a2"
  integrity sha512-dOy+3AuW3a2wNbZHIuMZpTcgjGuLU/uBL/ubcZF9OXbDo8ff4O8yVp5Bf0efS8uEoYo5q4Fx7dY9OgQGXgAsQA==

deprecation@^2.0.0, deprecation@^2.3.1:
  version "2.3.1"
  resolved "https://registry.yarnpkg.com/deprecation/-/deprecation-2.3.1.tgz#6368cbdb40abf3373b525ac87e4a260c3a700919"
  integrity sha512-xmHIy4F3scKVwMsQ4WnVaS8bHOx0DmVwRywosKhaILI0ywMDWPtBSku2HNxRvF7jtwDRsoEwYQSfbxj8b7RlJQ==

emoji-regex@^7.0.1:
  version "7.0.3"
  resolved "https://registry.yarnpkg.com/emoji-regex/-/emoji-regex-7.0.3.tgz#933a04052860c85e83c122479c4748a8e4c72156"
  integrity sha512-CwBLREIQ7LvYFB0WyRvwhq5N5qPhc6PMjD6bYggFlI5YyDgl+0vxq5VHbMOFqLg7hfWzmu8T5Z1QofhmTIhItA==

emoji-regex@^8.0.0:
  version "8.0.0"
  resolved "https://registry.yarnpkg.com/emoji-regex/-/emoji-regex-8.0.0.tgz#e818fd69ce5ccfcb404594f842963bf53164cc37"
  integrity sha512-MSjYzcWNOA0ewAHpz0MxpYFvwg6yjy1NG3xteoqz644VCo/RPgnr1/GGt+ic3iJTzQ8Eu3TdM14SawnVUmGE6A==

has-flag@^4.0.0:
  version "4.0.0"
  resolved "https://registry.yarnpkg.com/has-flag/-/has-flag-4.0.0.tgz#944771fd9c81c81265c4d6941860da06bb59479b"
  integrity sha512-EykJT/Q1KjTWctppgIAgfSO0tKVuZUjhgMr17kqTumMl6Afv3EISleU7qZUzoXDFTAHTDC4NOoG/ZxU3EvlMPQ==

is-fullwidth-code-point@^2.0.0:
  version "2.0.0"
  resolved "https://registry.yarnpkg.com/is-fullwidth-code-point/-/is-fullwidth-code-point-2.0.0.tgz#a3b30a5c4f199183167aaab93beefae3ddfb654f"
  integrity sha1-o7MKXE8ZkYMWeqq5O+764937ZU8=

is-fullwidth-code-point@^3.0.0:
  version "3.0.0"
  resolved "https://registry.yarnpkg.com/is-fullwidth-code-point/-/is-fullwidth-code-point-3.0.0.tgz#f116f8064fe90b3f7844a38997c0b75051269f1d"
  integrity sha512-zymm5+u+sCsSWyD9qNaejV3DFvhCKclKdizYaJUuHA83RLjb7nSuGnddCHGv0hk+KY7BMAlsWeK4Ueg6EV6XQg==

is-plain-object@^5.0.0:
  version "5.0.0"
  resolved "https://registry.yarnpkg.com/is-plain-object/-/is-plain-object-5.0.0.tgz#4427f50ab3429e9025ea7d52e9043a9ef4159344"
  integrity sha512-VRSzKkbMm5jMDoKLbltAkFQ5Qr7VDiTFGXxYFXXowVj387GeGNOCsOH6Msy00SGZ3Fp84b1Naa1psqgcCIEP5Q==

node-fetch@^2.6.1:
  version "2.6.1"
  resolved "https://registry.yarnpkg.com/node-fetch/-/node-fetch-2.6.1.tgz#045bd323631f76ed2e2b55573394416b639a0052"
  integrity sha512-V4aYg89jEoVRxRb2fJdAg8FHvI7cEyYdVAh94HH0UIK8oJxUfkjlDQN9RbMx+bEjP7+ggMiFRprSti032Oipxw==

once@^1.4.0:
  version "1.4.0"
  resolved "https://registry.yarnpkg.com/once/-/once-1.4.0.tgz#583b1aa775961d4b113ac17d9c50baef9dd76bd1"
  integrity sha1-WDsap3WWHUsROsF9nFC6753Xa9E=
  dependencies:
    wrappy "1"

string-width@^3.0.0:
  version "3.1.0"
  resolved "https://registry.yarnpkg.com/string-width/-/string-width-3.1.0.tgz#22767be21b62af1081574306f69ac51b62203961"
  integrity sha512-vafcv6KjVZKSgz06oM/H6GDBrAtz8vdhQakGjFIvNrHA6y3HCF1CInLy+QLq8dTJPQ1b+KDUqDFctkdRW44e1w==
  dependencies:
    emoji-regex "^7.0.1"
    is-fullwidth-code-point "^2.0.0"
    strip-ansi "^5.1.0"

string-width@^4.0.0, string-width@^4.1.0, string-width@^4.2.0:
  version "4.2.0"
  resolved "https://registry.yarnpkg.com/string-width/-/string-width-4.2.0.tgz#952182c46cc7b2c313d1596e623992bd163b72b5"
  integrity sha512-zUz5JD+tgqtuDjMhwIg5uFVV3dtqZ9yQJlZVfq4I01/K5Paj5UHj7VyrQOJvzawSVlKpObApbfD0Ed6yJc+1eg==
  dependencies:
    emoji-regex "^8.0.0"
    is-fullwidth-code-point "^3.0.0"
    strip-ansi "^6.0.0"

strip-ansi@^5.1.0:
  version "5.2.0"
  resolved "https://registry.yarnpkg.com/strip-ansi/-/strip-ansi-5.2.0.tgz#8c9a536feb6afc962bdfa5b104a5091c1ad9c0ae"
  integrity sha512-DuRs1gKbBqsMKIZlrffwlug8MHkcnpjs5VPmL1PAh+mA30U0DTotfDZ0d2UUsXpPmPmMMJ6W773MaA3J+lbiWA==
  dependencies:
    ansi-regex "^4.1.0"

strip-ansi@^6.0.0:
  version "6.0.0"
  resolved "https://registry.yarnpkg.com/strip-ansi/-/strip-ansi-6.0.0.tgz#0b1571dd7669ccd4f3e06e14ef1eed26225ae532"
  integrity sha512-AuvKTrTfQNYNIctbR1K/YGTR1756GycPsg7b9bdV9Duqur4gv6aKqHXah67Z8ImS7WEz5QVcOtlfW2rZEugt6w==
  dependencies:
    ansi-regex "^5.0.0"

supports-color@^7.1.0:
  version "7.2.0"
  resolved "https://registry.yarnpkg.com/supports-color/-/supports-color-7.2.0.tgz#1b7dcdcb32b8138801b3e478ba6a51caa89648da"
  integrity sha512-qpCAvRl9stuOHveKsn7HncJRvv501qIacKzQlO/+Lwxc9+0q2wLyv4Dfvt80/DPn2pqOBsJdDiogXGR9+OvwRw==
  dependencies:
    has-flag "^4.0.0"

tunnel@0.0.6:
  version "0.0.6"
  resolved "https://registry.yarnpkg.com/tunnel/-/tunnel-0.0.6.tgz#72f1314b34a5b192db012324df2cc587ca47f92c"
  integrity sha512-1h/Lnq9yajKY2PEbBadPXj3VxsDDu844OnaAo52UVmIzIvwwtBPIuNvkjuzBlTWpfJyUbG3ez0KSBibQkj4ojg==

type-fest@^0.20.2:
  version "0.20.2"
  resolved "https://registry.yarnpkg.com/type-fest/-/type-fest-0.20.2.tgz#1bf207f4b28f91583666cb5fbd327887301cd5f4"
  integrity sha512-Ne+eE4r0/iWnpAxD852z3A+N0Bt5RN//NjJwRd2VFHEmrywxf5vsZlh4R6lixl6B+wz/8d+maTSAkN1FIkI3LQ==

universal-user-agent@^6.0.0:
  version "6.0.0"
  resolved "https://registry.yarnpkg.com/universal-user-agent/-/universal-user-agent-6.0.0.tgz#3381f8503b251c0d9cd21bc1de939ec9df5480ee"
  integrity sha512-isyNax3wXoKaulPDZWHQqbmIx1k2tb9fb3GGDBRxCscfYV2Ch7WxPArBsFEG8s/safwXTT7H4QGhaIkTp9447w==

widest-line@^3.1.0:
  version "3.1.0"
  resolved "https://registry.yarnpkg.com/widest-line/-/widest-line-3.1.0.tgz#8292333bbf66cb45ff0de1603b136b7ae1496eca"
  integrity sha512-NsmoXalsWVDMGupxZ5R08ka9flZjjiLvHVAWYOKtiKM8ujtZWr9cRffak+uSE48+Ob8ObalXpwyeUiyDD6QFgg==
  dependencies:
    string-width "^4.0.0"

wrap-ansi@^7.0.0:
  version "7.0.0"
  resolved "https://registry.yarnpkg.com/wrap-ansi/-/wrap-ansi-7.0.0.tgz#67e145cff510a6a6984bdf1152911d69d2eb9e43"
  integrity sha512-YVGIj2kamLSTxw6NsZjoBxfSwsn0ycdesmc4p+Q21c5zPuZ1pl+NfxVdxPtdHvmNVOQ6XSYG4AUtyt/Fi7D16Q==
  dependencies:
    ansi-styles "^4.0.0"
    string-width "^4.1.0"
    strip-ansi "^6.0.0"

wrappy@1:
  version "1.0.2"
  resolved "https://registry.yarnpkg.com/wrappy/-/wrappy-1.0.2.tgz#b5243d8f3ec1aa35f1364605bc0d1036e30ab69f"
  integrity sha1-tSQ9jz7BqjXxNkYFvA0QNuMKtp8=
